
Microsoft Visual Studio Solution File, Format Version 12.00
# Visual Studio Version 17
VisualStudioVersion = 17.9.34616.47
MinimumVisualStudioVersion = 10.0.40219.1
Project("{9A19103F-16F7-4668-BE54-9A1E7A4F7556}") = "TaskManagementAPI", "TaskManagementAPI\TaskManagementAPI.csproj", "{7FA09CF9-43C3-4E5B-82F6-658E8CB16C13}"
EndProject
Project("{FAE04EC0-301F-11D3-BF4B-00C04F79EFBC}") = "TaskManagementMVC", "TaskManagementMVC\TaskManagementMVC.csproj", "{50D141A3-4AB8-4D8B-9370-98A001FE30DE}"
EndProject
Global
	GlobalSection(SolutionConfigurationPlatforms) = preSolution
		Debug|Any CPU = Debug|Any CPU
		Release|Any CPU = Release|Any CPU
	EndGlobalSection
	GlobalSection(ProjectConfigurationPlatforms) = postSolution
		{7FA09CF9-43C3-4E5B-82F6-658E8CB16C13}.Debug|Any CPU.ActiveCfg = Debug|Any CPU
		{7FA09CF9-43C3-4E5B-82F6-658E8CB16C13}.Debug|Any CPU.Build.0 = Debug|Any CPU
		{7FA09CF9-43C3-4E5B-82F6-658E8CB16C13}.Release|Any CPU.ActiveCfg = Release|Any CPU
		{7FA09CF9-43C3-4E5B-82F6-658E8CB16C13}.Release|Any CPU.Build.0 = Release|Any CPU
		{50D141A3-4AB8-4D8B-9370-98A001FE30DE}.Debug|Any CPU.ActiveCfg = Debug|Any CPU
		{50D141A3-4AB8-4D8B-9370-98A001FE30DE}.Debug|Any CPU.Build.0 = Debug|Any CPU
		{50D141A3-4AB8-4D8B-9370-98A001FE30DE}.Release|Any CPU.ActiveCfg = Release|Any CPU
		{50D141A3-4AB8-4D8B-9370-98A001FE30DE}.Release|Any CPU.Build.0 = Release|Any CPU
	EndGlobalSection
	GlobalSection(SolutionProperties) = preSolution
		HideSolutionNode = FALSE
	EndGlobalSection
	GlobalSection(ExtensibilityGlobals) = postSolution
		SolutionGuid = {12F1B294-E758-48E4-884B-31D8D54E8EF7}
	EndGlobalSection
EndGlobal
